# THIS IS AN AUTOGENERATED FILE. DO NOT EDIT THIS FILE DIRECTLY.
# yarn lockfile v1


fast-simplex-noise@^3.2.0:
  version "3.2.0"
  resolved "https://registry.yarnpkg.com/fast-simplex-noise/-/fast-simplex-noise-3.2.0.tgz#ae0b3cd7b9c2a056ecc72c2f7440cf7d0e3bca96"

lodash@^4.17.4:
  version "4.17.4"
  resolved "https://registry.yarnpkg.com/lodash/-/lodash-4.17.4.tgz#78203a4d1c328ae1d86dca6460e369b57f4055ae"
